
Microsoft Visual Studio Solution File, Format Version 12.00
# Visual Studio Version 17
VisualStudioVersion = 17.3.32825.248
MinimumVisualStudioVersion = 10.0.40219.1
Project("{FAE04EC0-301F-11D3-BF4B-00C04F79EFBC}") = "Password3", "Password3\Password3.csproj", "{289AF62C-948C-4F9C-9781-58F667569EA0}"
EndProject
Global
	GlobalSection(SolutionConfigurationPlatforms) = preSolution
		Debug|Any CPU = Debug|Any CPU
		Release|Any CPU = Release|Any CPU
	EndGlobalSection
	GlobalSection(ProjectConfigurationPlatforms) = postSolution
		{289AF62C-948C-4F9C-9781-58F667569EA0}.Debug|Any CPU.ActiveCfg = Debug|Any CPU
		{289AF62C-948C-4F9C-9781-58F667569EA0}.Debug|Any CPU.Build.0 = Debug|Any CPU
		{289AF62C-948C-4F9C-9781-58F667569EA0}.Release|Any CPU.ActiveCfg = Release|Any CPU
		{289AF62C-948C-4F9C-9781-58F667569EA0}.Release|Any CPU.Build.0 = Release|Any CPU
	EndGlobalSection
	GlobalSection(SolutionProperties) = preSolution
		HideSolutionNode = FALSE
	EndGlobalSection
	GlobalSection(ExtensibilityGlobals) = postSolution
		SolutionGuid = {5720FE0F-217B-448B-BAB3-2454BDF3A2B0}
	EndGlobalSection
EndGlobal
